{
  "requires": true,
  "lockfileVersion": 1,
  "dependencies": {
    "dom-factory": {
      "version": "1.0.3",
      "resolved": "https://registry.npmjs.org/dom-factory/-/dom-factory-1.0.3.tgz",
      "integrity": "sha512-8Aa85iDMXlJLzKoZBC0UJZ04gnDc/3D5AgLdiZVAq2NNKxTdEN6qgumyLBOjP6Bx4Yh6Feuj3wh+3MxGvHS7eQ=="
    },
    "material-design-kit": {
      "version": "1.0.2",
      "resolved": "https://registry.npmjs.org/material-design-kit/-/material-design-kit-1.0.2.tgz",
      "integrity": "sha512-jN2iwBHypaub3Z0X+9bUCkBgOFYcd8jXJhpZOwY4+2dPo3JSnkXljL6I7DadgCn3yUcbtE+sQ1/ONrdTEnf7Lg==",
      "requires": {
        "dom-factory": "^1.0.2-beta.3"
      }
    }
  }
}
